
Microsoft Visual Studio Solution File, Format Version 12.00
# Visual Studio 15
VisualStudioVersion = 15.0.26730.12
MinimumVisualStudioVersion = 10.0.40219.1
Project("{FAE04EC0-301F-11D3-BF4B-00C04F79EFBC}") = "RATBVFormsPrism.iOS", "RATBVFormsPrism\RATBVFormsPrism.iOS\RATBVFormsPrism.iOS.csproj", "{953FAE45-73F3-4AC1-8B86-0B30AC29A7F5}"
EndProject
Project("{FAE04EC0-301F-11D3-BF4B-00C04F79EFBC}") = "RATBVFormsPrism.UWP", "RATBVFormsPrism\RATBVFormsPrism.UWP\RATBVFormsPrism.UWP.csproj", "{B57FBA77-3B4A-4400-BC77-191414DD30D4}"
EndProject
Project("{9A19103F-16F7-4668-BE54-9A1E7A4F7556}") = "RATBVFormsPrism", "RATBVFormsPrism\RATBVFormsPrism\RATBVFormsPrism.csproj", "{59714E65-BBC1-4D38-85B9-C75A4F722B27}"
EndProject
Project("{FAE04EC0-301F-11D3-BF4B-00C04F79EFBC}") = "RATBVFormsPrism.Droid", "RATBVFormsPrism\RATBVFormsPrism.Droid\RATBVFormsPrism.Droid.csproj", "{6DD2E9C3-9C86-4CC8-B7C4-20EAB6465ACA}"
EndProject
Global
	GlobalSection(SolutionConfigurationPlatforms) = preSolution
		Ad-Hoc|Any CPU = Ad-Hoc|Any CPU
		Ad-Hoc|ARM = Ad-Hoc|ARM
		Ad-Hoc|iPhone = Ad-Hoc|iPhone
		Ad-Hoc|iPhoneSimulator = Ad-Hoc|iPhoneSimulator
		Ad-Hoc|x64 = Ad-Hoc|x64
		Ad-Hoc|x86 = Ad-Hoc|x86
		AppStore|Any CPU = AppStore|Any CPU
		AppStore|ARM = AppStore|ARM
		AppStore|iPhone = AppStore|iPhone
		AppStore|iPhoneSimulator = AppStore|iPhoneSimulator
		AppStore|x64 = AppStore|x64
		AppStore|x86 = AppStore|x86
		Debug|Any CPU = Debug|Any CPU
		Debug|ARM = Debug|ARM
		Debug|iPhone = Debug|iPhone
		Debug|iPhoneSimulator = Debug|iPhoneSimulator
		Debug|x64 = Debug|x64
		Debug|x86 = Debug|x86
		Release|Any CPU = Release|Any CPU
		Release|ARM = Release|ARM
		Release|iPhone = Release|iPhone
		Release|iPhoneSimulator = Release|iPhoneSimulator
		Release|x64 = Release|x64
		Release|x86 = Release|x86
	EndGlobalSection
	GlobalSection(ProjectConfigurationPlatforms) = postSolution
		{953FAE45-73F3-4AC1-8B86-0B30AC29A7F5}.Ad-Hoc|Any CPU.ActiveCfg = Ad-Hoc|iPhone
		{953FAE45-73F3-4AC1-8B86-0B30AC29A7F5}.Ad-Hoc|ARM.ActiveCfg = Ad-Hoc|iPhone
		{953FAE45-73F3-4AC1-8B86-0B30AC29A7F5}.Ad-Hoc|iPhone.ActiveCfg = Ad-Hoc|iPhone
		{953FAE45-73F3-4AC1-8B86-0B30AC29A7F5}.Ad-Hoc|iPhone.Build.0 = Ad-Hoc|iPhone
		{953FAE45-73F3-4AC1-8B86-0B30AC29A7F5}.Ad-Hoc|iPhoneSimulator.ActiveCfg = Ad-Hoc|iPhoneSimulator
		{953FAE45-73F3-4AC1-8B86-0B30AC29A7F5}.Ad-Hoc|iPhoneSimulator.Build.0 = Ad-Hoc|iPhoneSimulator
		{953FAE45-73F3-4AC1-8B86-0B30AC29A7F5}.Ad-Hoc|x64.ActiveCfg = Ad-Hoc|iPhone
		{953FAE45-73F3-4AC1-8B86-0B30AC29A7F5}.Ad-Hoc|x86.ActiveCfg = Ad-Hoc|iPhone
		{953FAE45-73F3-4AC1-8B86-0B30AC29A7F5}.AppStore|Any CPU.ActiveCfg = AppStore|iPhone
		{953FAE45-73F3-4AC1-8B86-0B30AC29A7F5}.AppStore|ARM.ActiveCfg = AppStore|iPhone
		{953FAE45-73F3-4AC1-8B86-0B30AC29A7F5}.AppStore|iPhone.ActiveCfg = AppStore|iPhone
		{953FAE45-73F3-4AC1-8B86-0B30AC29A7F5}.AppStore|iPhone.Build.0 = AppStore|iPhone
		{953FAE45-73F3-4AC1-8B86-0B30AC29A7F5}.AppStore|iPhoneSimulator.ActiveCfg = AppStore|iPhoneSimulator
		{953FAE45-73F3-4AC1-8B86-0B30AC29A7F5}.AppStore|iPhoneSimulator.Build.0 = AppStore|iPhoneSimulator
		{953FAE45-73F3-4AC1-8B86-0B30AC29A7F5}.AppStore|x64.ActiveCfg = AppStore|iPhone
		{953FAE45-73F3-4AC1-8B86-0B30AC29A7F5}.AppStore|x86.ActiveCfg = AppStore|iPhone
		{953FAE45-73F3-4AC1-8B86-0B30AC29A7F5}.Debug|Any CPU.ActiveCfg = Debug|iPhone
		{953FAE45-73F3-4AC1-8B86-0B30AC29A7F5}.Debug|ARM.ActiveCfg = Debug|iPhone
		{953FAE45-73F3-4AC1-8B86-0B30AC29A7F5}.Debug|iPhone.ActiveCfg = Debug|iPhone
		{953FAE45-73F3-4AC1-8B86-0B30AC29A7F5}.Debug|iPhone.Build.0 = Debug|iPhone
		{953FAE45-73F3-4AC1-8B86-0B30AC29A7F5}.Debug|iPhoneSimulator.ActiveCfg = Debug|iPhoneSimulator
		{953FAE45-73F3-4AC1-8B86-0B30AC29A7F5}.Debug|iPhoneSimulator.Build.0 = Debug|iPhoneSimulator
		{953FAE45-73F3-4AC1-8B86-0B30AC29A7F5}.Debug|x64.ActiveCfg = Debug|iPhone
		{953FAE45-73F3-4AC1-8B86-0B30AC29A7F5}.Debug|x86.ActiveCfg = Debug|iPhoneSimulator
		{953FAE45-73F3-4AC1-8B86-0B30AC29A7F5}.Release|Any CPU.ActiveCfg = Release|iPhone
		{953FAE45-73F3-4AC1-8B86-0B30AC29A7F5}.Release|ARM.ActiveCfg = Release|iPhone
		{953FAE45-73F3-4AC1-8B86-0B30AC29A7F5}.Release|iPhone.ActiveCfg = Release|iPhone
		{953FAE45-73F3-4AC1-8B86-0B30AC29A7F5}.Release|iPhone.Build.0 = Release|iPhone
		{953FAE45-73F3-4AC1-8B86-0B30AC29A7F5}.Release|iPhoneSimulator.ActiveCfg = Release|iPhoneSimulator
		{953FAE45-73F3-4AC1-8B86-0B30AC29A7F5}.Release|iPhoneSimulator.Build.0 = Release|iPhoneSimulator
		{953FAE45-73F3-4AC1-8B86-0B30AC29A7F5}.Release|x64.ActiveCfg = Release|iPhone
		{953FAE45-73F3-4AC1-8B86-0B30AC29A7F5}.Release|x86.ActiveCfg = Release|iPhone
		{B57FBA77-3B4A-4400-BC77-191414DD30D4}.Ad-Hoc|Any CPU.ActiveCfg = Release|x86
		{B57FBA77-3B4A-4400-BC77-191414DD30D4}.Ad-Hoc|Any CPU.Build.0 = Release|x86
		{B57FBA77-3B4A-4400-BC77-191414DD30D4}.Ad-Hoc|Any CPU.Deploy.0 = Release|x86
		{B57FBA77-3B4A-4400-BC77-191414DD30D4}.Ad-Hoc|ARM.ActiveCfg = Release|ARM
		{B57FBA77-3B4A-4400-BC77-191414DD30D4}.Ad-Hoc|ARM.Build.0 = Release|ARM
		{B57FBA77-3B4A-4400-BC77-191414DD30D4}.Ad-Hoc|ARM.Deploy.0 = Release|ARM
		{B57FBA77-3B4A-4400-BC77-191414DD30D4}.Ad-Hoc|iPhone.ActiveCfg = Release|x86
		{B57FBA77-3B4A-4400-BC77-191414DD30D4}.Ad-Hoc|iPhone.Build.0 = Release|x86
		{B57FBA77-3B4A-4400-BC77-191414DD30D4}.Ad-Hoc|iPhone.Deploy.0 = Release|x86
		{B57FBA77-3B4A-4400-BC77-191414DD30D4}.Ad-Hoc|iPhoneSimulator.ActiveCfg = Release|x86
		{B57FBA77-3B4A-4400-BC77-191414DD30D4}.Ad-Hoc|iPhoneSimulator.Build.0 = Release|x86
		{B57FBA77-3B4A-4400-BC77-191414DD30D4}.Ad-Hoc|iPhoneSimulator.Deploy.0 = Release|x86
		{B57FBA77-3B4A-4400-BC77-191414DD30D4}.Ad-Hoc|x64.ActiveCfg = Release|x64
		{B57FBA77-3B4A-4400-BC77-191414DD30D4}.Ad-Hoc|x64.Build.0 = Release|x64
		{B57FBA77-3B4A-4400-BC77-191414DD30D4}.Ad-Hoc|x64.Deploy.0 = Release|x64
		{B57FBA77-3B4A-4400-BC77-191414DD30D4}.Ad-Hoc|x86.ActiveCfg = Release|x86
		{B57FBA77-3B4A-4400-BC77-191414DD30D4}.Ad-Hoc|x86.Build.0 = Release|x86
		{B57FBA77-3B4A-4400-BC77-191414DD30D4}.Ad-Hoc|x86.Deploy.0 = Release|x86
		{B57FBA77-3B4A-4400-BC77-191414DD30D4}.AppStore|Any CPU.ActiveCfg = Release|x86
		{B57FBA77-3B4A-4400-BC77-191414DD30D4}.AppStore|Any CPU.Build.0 = Release|x86
		{B57FBA77-3B4A-4400-BC77-191414DD30D4}.AppStore|Any CPU.Deploy.0 = Release|x86
		{B57FBA77-3B4A-4400-BC77-191414DD30D4}.AppStore|ARM.ActiveCfg = Release|ARM
		{B57FBA77-3B4A-4400-BC77-191414DD30D4}.AppStore|ARM.Build.0 = Release|ARM
		{B57FBA77-3B4A-4400-BC77-191414DD30D4}.AppStore|ARM.Deploy.0 = Release|ARM
		{B57FBA77-3B4A-4400-BC77-191414DD30D4}.AppStore|iPhone.ActiveCfg = Release|x86
		{B57FBA77-3B4A-4400-BC77-191414DD30D4}.AppStore|iPhone.Build.0 = Release|x86
		{B57FBA77-3B4A-4400-BC77-191414DD30D4}.AppStore|iPhone.Deploy.0 = Release|x86
		{B57FBA77-3B4A-4400-BC77-191414DD30D4}.AppStore|iPhoneSimulator.ActiveCfg = Release|x86
		{B57FBA77-3B4A-4400-BC77-191414DD30D4}.AppStore|iPhoneSimulator.Build.0 = Release|x86
		{B57FBA77-3B4A-4400-BC77-191414DD30D4}.AppStore|iPhoneSimulator.Deploy.0 = Release|x86
		{B57FBA77-3B4A-4400-BC77-191414DD30D4}.AppStore|x64.ActiveCfg = Release|x64
		{B57FBA77-3B4A-4400-BC77-191414DD30D4}.AppStore|x64.Build.0 = Release|x64
		{B57FBA77-3B4A-4400-BC77-191414DD30D4}.AppStore|x64.Deploy.0 = Release|x64
		{B57FBA77-3B4A-4400-BC77-191414DD30D4}.AppStore|x86.ActiveCfg = Release|x86
		{B57FBA77-3B4A-4400-BC77-191414DD30D4}.AppStore|x86.Build.0 = Release|x86
		{B57FBA77-3B4A-4400-BC77-191414DD30D4}.AppStore|x86.Deploy.0 = Release|x86
		{B57FBA77-3B4A-4400-BC77-191414DD30D4}.Debug|Any CPU.ActiveCfg = Debug|x86
		{B57FBA77-3B4A-4400-BC77-191414DD30D4}.Debug|Any CPU.Build.0 = Debug|x86
		{B57FBA77-3B4A-4400-BC77-191414DD30D4}.Debug|Any CPU.Deploy.0 = Debug|x86
		{B57FBA77-3B4A-4400-BC77-191414DD30D4}.Debug|ARM.ActiveCfg = Debug|ARM
		{B57FBA77-3B4A-4400-BC77-191414DD30D4}.Debug|ARM.Build.0 = Debug|ARM
		{B57FBA77-3B4A-4400-BC77-191414DD30D4}.Debug|ARM.Deploy.0 = Debug|ARM
		{B57FBA77-3B4A-4400-BC77-191414DD30D4}.Debug|iPhone.ActiveCfg = Debug|x86
		{B57FBA77-3B4A-4400-BC77-191414DD30D4}.Debug|iPhoneSimulator.ActiveCfg = Debug|x86
		{B57FBA77-3B4A-4400-BC77-191414DD30D4}.Debug|x64.ActiveCfg = Debug|x64
		{B57FBA77-3B4A-4400-BC77-191414DD30D4}.Debug|x64.Build.0 = Debug|x64
		{B57FBA77-3B4A-4400-BC77-191414DD30D4}.Debug|x64.Deploy.0 = Debug|x64
		{B57FBA77-3B4A-4400-BC77-191414DD30D4}.Debug|x86.ActiveCfg = Debug|x86
		{B57FBA77-3B4A-4400-BC77-191414DD30D4}.Debug|x86.Build.0 = Debug|x86
		{B57FBA77-3B4A-4400-BC77-191414DD30D4}.Debug|x86.Deploy.0 = Debug|x86
		{B57FBA77-3B4A-4400-BC77-191414DD30D4}.Release|Any CPU.ActiveCfg = Release|x86
		{B57FBA77-3B4A-4400-BC77-191414DD30D4}.Release|ARM.ActiveCfg = Release|ARM
		{B57FBA77-3B4A-4400-BC77-191414DD30D4}.Release|ARM.Build.0 = Release|ARM
		{B57FBA77-3B4A-4400-BC77-191414DD30D4}.Release|ARM.Deploy.0 = Release|ARM
		{B57FBA77-3B4A-4400-BC77-191414DD30D4}.Release|iPhone.ActiveCfg = Release|x86
		{B57FBA77-3B4A-4400-BC77-191414DD30D4}.Release|iPhoneSimulator.ActiveCfg = Release|x86
		{B57FBA77-3B4A-4400-BC77-191414DD30D4}.Release|x64.ActiveCfg = Release|x64
		{B57FBA77-3B4A-4400-BC77-191414DD30D4}.Release|x64.Build.0 = Release|x64
		{B57FBA77-3B4A-4400-BC77-191414DD30D4}.Release|x64.Deploy.0 = Release|x64
		{B57FBA77-3B4A-4400-BC77-191414DD30D4}.Release|x86.ActiveCfg = Release|x86
		{B57FBA77-3B4A-4400-BC77-191414DD30D4}.Release|x86.Build.0 = Release|x86
		{B57FBA77-3B4A-4400-BC77-191414DD30D4}.Release|x86.Deploy.0 = Release|x86
		{59714E65-BBC1-4D38-85B9-C75A4F722B27}.Ad-Hoc|Any CPU.ActiveCfg = Debug|Any CPU
		{59714E65-BBC1-4D38-85B9-C75A4F722B27}.Ad-Hoc|Any CPU.Build.0 = Debug|Any CPU
		{59714E65-BBC1-4D38-85B9-C75A4F722B27}.Ad-Hoc|ARM.ActiveCfg = Debug|Any CPU
		{59714E65-BBC1-4D38-85B9-C75A4F722B27}.Ad-Hoc|ARM.Build.0 = Debug|Any CPU
		{59714E65-BBC1-4D38-85B9-C75A4F722B27}.Ad-Hoc|iPhone.ActiveCfg = Debug|Any CPU
		{59714E65-BBC1-4D38-85B9-C75A4F722B27}.Ad-Hoc|iPhone.Build.0 = Debug|Any CPU
		{59714E65-BBC1-4D38-85B9-C75A4F722B27}.Ad-Hoc|iPhoneSimulator.ActiveCfg = Debug|Any CPU
		{59714E65-BBC1-4D38-85B9-C75A4F722B27}.Ad-Hoc|iPhoneSimulator.Build.0 = Debug|Any CPU
		{59714E65-BBC1-4D38-85B9-C75A4F722B27}.Ad-Hoc|x64.ActiveCfg = Debug|Any CPU
		{59714E65-BBC1-4D38-85B9-C75A4F722B27}.Ad-Hoc|x64.Build.0 = Debug|Any CPU
		{59714E65-BBC1-4D38-85B9-C75A4F722B27}.Ad-Hoc|x86.ActiveCfg = Debug|Any CPU
		{59714E65-BBC1-4D38-85B9-C75A4F722B27}.Ad-Hoc|x86.Build.0 = Debug|Any CPU
		{59714E65-BBC1-4D38-85B9-C75A4F722B27}.AppStore|Any CPU.ActiveCfg = Debug|Any CPU
		{59714E65-BBC1-4D38-85B9-C75A4F722B27}.AppStore|Any CPU.Build.0 = Debug|Any CPU
		{59714E65-BBC1-4D38-85B9-C75A4F722B27}.AppStore|ARM.ActiveCfg = Debug|Any CPU
		{59714E65-BBC1-4D38-85B9-C75A4F722B27}.AppStore|ARM.Build.0 = Debug|Any CPU
		{59714E65-BBC1-4D38-85B9-C75A4F722B27}.AppStore|iPhone.ActiveCfg = Debug|Any CPU
		{59714E65-BBC1-4D38-85B9-C75A4F722B27}.AppStore|iPhone.Build.0 = Debug|Any CPU
		{59714E65-BBC1-4D38-85B9-C75A4F722B27}.AppStore|iPhoneSimulator.ActiveCfg = Debug|Any CPU
		{59714E65-BBC1-4D38-85B9-C75A4F722B27}.AppStore|iPhoneSimulator.Build.0 = Debug|Any CPU
		{59714E65-BBC1-4D38-85B9-C75A4F722B27}.AppStore|x64.ActiveCfg = Debug|Any CPU
		{59714E65-BBC1-4D38-85B9-C75A4F722B27}.AppStore|x64.Build.0 = Debug|Any CPU
		{59714E65-BBC1-4D38-85B9-C75A4F722B27}.AppStore|x86.ActiveCfg = Debug|Any CPU
		{59714E65-BBC1-4D38-85B9-C75A4F722B27}.AppStore|x86.Build.0 = Debug|Any CPU
		{59714E65-BBC1-4D38-85B9-C75A4F722B27}.Debug|Any CPU.ActiveCfg = Debug|Any CPU
		{59714E65-BBC1-4D38-85B9-C75A4F722B27}.Debug|Any CPU.Build.0 = Debug|Any CPU
		{59714E65-BBC1-4D38-85B9-C75A4F722B27}.Debug|ARM.ActiveCfg = Debug|Any CPU
		{59714E65-BBC1-4D38-85B9-C75A4F722B27}.Debug|ARM.Build.0 = Debug|Any CPU
		{59714E65-BBC1-4D38-85B9-C75A4F722B27}.Debug|iPhone.ActiveCfg = Debug|Any CPU
		{59714E65-BBC1-4D38-85B9-C75A4F722B27}.Debug|iPhone.Build.0 = Debug|Any CPU
		{59714E65-BBC1-4D38-85B9-C75A4F722B27}.Debug|iPhoneSimulator.ActiveCfg = Debug|Any CPU
		{59714E65-BBC1-4D38-85B9-C75A4F722B27}.Debug|iPhoneSimulator.Build.0 = Debug|Any CPU
		{59714E65-BBC1-4D38-85B9-C75A4F722B27}.Debug|x64.ActiveCfg = Debug|Any CPU
		{59714E65-BBC1-4D38-85B9-C75A4F722B27}.Debug|x64.Build.0 = Debug|Any CPU
		{59714E65-BBC1-4D38-85B9-C75A4F722B27}.Debug|x86.ActiveCfg = Debug|Any CPU
		{59714E65-BBC1-4D38-85B9-C75A4F722B27}.Debug|x86.Build.0 = Debug|Any CPU
		{59714E65-BBC1-4D38-85B9-C75A4F722B27}.Release|Any CPU.ActiveCfg = Release|Any CPU
		{59714E65-BBC1-4D38-85B9-C75A4F722B27}.Release|Any CPU.Build.0 = Release|Any CPU
		{59714E65-BBC1-4D38-85B9-C75A4F722B27}.Release|ARM.ActiveCfg = Release|Any CPU
		{59714E65-BBC1-4D38-85B9-C75A4F722B27}.Release|ARM.Build.0 = Release|Any CPU
		{59714E65-BBC1-4D38-85B9-C75A4F722B27}.Release|iPhone.ActiveCfg = Release|Any CPU
		{59714E65-BBC1-4D38-85B9-C75A4F722B27}.Release|iPhone.Build.0 = Release|Any CPU
		{59714E65-BBC1-4D38-85B9-C75A4F722B27}.Release|iPhoneSimulator.ActiveCfg = Release|Any CPU
		{59714E65-BBC1-4D38-85B9-C75A4F722B27}.Release|iPhoneSimulator.Build.0 = Release|Any CPU
		{59714E65-BBC1-4D38-85B9-C75A4F722B27}.Release|x64.ActiveCfg = Release|Any CPU
		{59714E65-BBC1-4D38-85B9-C75A4F722B27}.Release|x64.Build.0 = Release|Any CPU
		{59714E65-BBC1-4D38-85B9-C75A4F722B27}.Release|x86.ActiveCfg = Release|Any CPU
		{59714E65-BBC1-4D38-85B9-C75A4F722B27}.Release|x86.Build.0 = Release|Any CPU
		{6DD2E9C3-9C86-4CC8-B7C4-20EAB6465ACA}.Ad-Hoc|Any CPU.ActiveCfg = Release|Any CPU
		{6DD2E9C3-9C86-4CC8-B7C4-20EAB6465ACA}.Ad-Hoc|Any CPU.Build.0 = Release|Any CPU
		{6DD2E9C3-9C86-4CC8-B7C4-20EAB6465ACA}.Ad-Hoc|Any CPU.Deploy.0 = Release|Any CPU
		{6DD2E9C3-9C86-4CC8-B7C4-20EAB6465ACA}.Ad-Hoc|ARM.ActiveCfg = Release|Any CPU
		{6DD2E9C3-9C86-4CC8-B7C4-20EAB6465ACA}.Ad-Hoc|ARM.Build.0 = Release|Any CPU
		{6DD2E9C3-9C86-4CC8-B7C4-20EAB6465ACA}.Ad-Hoc|ARM.Deploy.0 = Release|Any CPU
		{6DD2E9C3-9C86-4CC8-B7C4-20EAB6465ACA}.Ad-Hoc|iPhone.ActiveCfg = Release|Any CPU
		{6DD2E9C3-9C86-4CC8-B7C4-20EAB6465ACA}.Ad-Hoc|iPhone.Build.0 = Release|Any CPU
		{6DD2E9C3-9C86-4CC8-B7C4-20EAB6465ACA}.Ad-Hoc|iPhone.Deploy.0 = Release|Any CPU
		{6DD2E9C3-9C86-4CC8-B7C4-20EAB6465ACA}.Ad-Hoc|iPhoneSimulator.ActiveCfg = Release|Any CPU
		{6DD2E9C3-9C86-4CC8-B7C4-20EAB6465ACA}.Ad-Hoc|iPhoneSimulator.Build.0 = Release|Any CPU
		{6DD2E9C3-9C86-4CC8-B7C4-20EAB6465ACA}.Ad-Hoc|iPhoneSimulator.Deploy.0 = Release|Any CPU
		{6DD2E9C3-9C86-4CC8-B7C4-20EAB6465ACA}.Ad-Hoc|x64.ActiveCfg = Release|Any CPU
		{6DD2E9C3-9C86-4CC8-B7C4-20EAB6465ACA}.Ad-Hoc|x64.Build.0 = Release|Any CPU
		{6DD2E9C3-9C86-4CC8-B7C4-20EAB6465ACA}.Ad-Hoc|x64.Deploy.0 = Release|Any CPU
		{6DD2E9C3-9C86-4CC8-B7C4-20EAB6465ACA}.Ad-Hoc|x86.ActiveCfg = Release|Any CPU
		{6DD2E9C3-9C86-4CC8-B7C4-20EAB6465ACA}.Ad-Hoc|x86.Build.0 = Release|Any CPU
		{6DD2E9C3-9C86-4CC8-B7C4-20EAB6465ACA}.Ad-Hoc|x86.Deploy.0 = Release|Any CPU
		{6DD2E9C3-9C86-4CC8-B7C4-20EAB6465ACA}.AppStore|Any CPU.ActiveCfg = Release|Any CPU
		{6DD2E9C3-9C86-4CC8-B7C4-20EAB6465ACA}.AppStore|Any CPU.Build.0 = Release|Any CPU
		{6DD2E9C3-9C86-4CC8-B7C4-20EAB6465ACA}.AppStore|Any CPU.Deploy.0 = Release|Any CPU
		{6DD2E9C3-9C86-4CC8-B7C4-20EAB6465ACA}.AppStore|ARM.ActiveCfg = Release|Any CPU
		{6DD2E9C3-9C86-4CC8-B7C4-20EAB6465ACA}.AppStore|ARM.Build.0 = Release|Any CPU
		{6DD2E9C3-9C86-4CC8-B7C4-20EAB6465ACA}.AppStore|ARM.Deploy.0 = Release|Any CPU
		{6DD2E9C3-9C86-4CC8-B7C4-20EAB6465ACA}.AppStore|iPhone.ActiveCfg = Release|Any CPU
		{6DD2E9C3-9C86-4CC8-B7C4-20EAB6465ACA}.AppStore|iPhone.Build.0 = Release|Any CPU
		{6DD2E9C3-9C86-4CC8-B7C4-20EAB6465ACA}.AppStore|iPhone.Deploy.0 = Release|Any CPU
		{6DD2E9C3-9C86-4CC8-B7C4-20EAB6465ACA}.AppStore|iPhoneSimulator.ActiveCfg = Release|Any CPU
		{6DD2E9C3-9C86-4CC8-B7C4-20EAB6465ACA}.AppStore|iPhoneSimulator.Build.0 = Release|Any CPU
		{6DD2E9C3-9C86-4CC8-B7C4-20EAB6465ACA}.AppStore|iPhoneSimulator.Deploy.0 = Release|Any CPU
		{6DD2E9C3-9C86-4CC8-B7C4-20EAB6465ACA}.AppStore|x64.ActiveCfg = Release|Any CPU
		{6DD2E9C3-9C86-4CC8-B7C4-20EAB6465ACA}.AppStore|x64.Build.0 = Release|Any CPU
		{6DD2E9C3-9C86-4CC8-B7C4-20EAB6465ACA}.AppStore|x64.Deploy.0 = Release|Any CPU
		{6DD2E9C3-9C86-4CC8-B7C4-20EAB6465ACA}.AppStore|x86.ActiveCfg = Release|Any CPU
		{6DD2E9C3-9C86-4CC8-B7C4-20EAB6465ACA}.AppStore|x86.Build.0 = Release|Any CPU
		{6DD2E9C3-9C86-4CC8-B7C4-20EAB6465ACA}.AppStore|x86.Deploy.0 = Release|Any CPU
		{6DD2E9C3-9C86-4CC8-B7C4-20EAB6465ACA}.Debug|Any CPU.ActiveCfg = Debug|Any CPU
		{6DD2E9C3-9C86-4CC8-B7C4-20EAB6465ACA}.Debug|Any CPU.Build.0 = Debug|Any CPU
		{6DD2E9C3-9C86-4CC8-B7C4-20EAB6465ACA}.Debug|Any CPU.Deploy.0 = Debug|Any CPU
		{6DD2E9C3-9C86-4CC8-B7C4-20EAB6465ACA}.Debug|ARM.ActiveCfg = Debug|Any CPU
		{6DD2E9C3-9C86-4CC8-B7C4-20EAB6465ACA}.Debug|ARM.Build.0 = Debug|Any CPU
		{6DD2E9C3-9C86-4CC8-B7C4-20EAB6465ACA}.Debug|ARM.Deploy.0 = Debug|Any CPU
		{6DD2E9C3-9C86-4CC8-B7C4-20EAB6465ACA}.Debug|iPhone.ActiveCfg = Debug|Any CPU
		{6DD2E9C3-9C86-4CC8-B7C4-20EAB6465ACA}.Debug|iPhone.Build.0 = Debug|Any CPU
		{6DD2E9C3-9C86-4CC8-B7C4-20EAB6465ACA}.Debug|iPhone.Deploy.0 = Debug|Any CPU
		{6DD2E9C3-9C86-4CC8-B7C4-20EAB6465ACA}.Debug|iPhoneSimulator.ActiveCfg = Debug|Any CPU
		{6DD2E9C3-9C86-4CC8-B7C4-20EAB6465ACA}.Debug|iPhoneSimulator.Build.0 = Debug|Any CPU
		{6DD2E9C3-9C86-4CC8-B7C4-20EAB6465ACA}.Debug|iPhoneSimulator.Deploy.0 = Debug|Any CPU
		{6DD2E9C3-9C86-4CC8-B7C4-20EAB6465ACA}.Debug|x64.ActiveCfg = Debug|Any CPU
		{6DD2E9C3-9C86-4CC8-B7C4-20EAB6465ACA}.Debug|x64.Build.0 = Debug|Any CPU
		{6DD2E9C3-9C86-4CC8-B7C4-20EAB6465ACA}.Debug|x64.Deploy.0 = Debug|Any CPU
		{6DD2E9C3-9C86-4CC8-B7C4-20EAB6465ACA}.Debug|x86.ActiveCfg = Debug|Any CPU
		{6DD2E9C3-9C86-4CC8-B7C4-20EAB6465ACA}.Debug|x86.Build.0 = Debug|Any CPU
		{6DD2E9C3-9C86-4CC8-B7C4-20EAB6465ACA}.Debug|x86.Deploy.0 = Debug|Any CPU
		{6DD2E9C3-9C86-4CC8-B7C4-20EAB6465ACA}.Release|Any CPU.ActiveCfg = Release|Any CPU
		{6DD2E9C3-9C86-4CC8-B7C4-20EAB6465ACA}.Release|Any CPU.Build.0 = Release|Any CPU
		{6DD2E9C3-9C86-4CC8-B7C4-20EAB6465ACA}.Release|Any CPU.Deploy.0 = Release|Any CPU
		{6DD2E9C3-9C86-4CC8-B7C4-20EAB6465ACA}.Release|ARM.ActiveCfg = Release|Any CPU
		{6DD2E9C3-9C86-4CC8-B7C4-20EAB6465ACA}.Release|ARM.Build.0 = Release|Any CPU
		{6DD2E9C3-9C86-4CC8-B7C4-20EAB6465ACA}.Release|ARM.Deploy.0 = Release|Any CPU
		{6DD2E9C3-9C86-4CC8-B7C4-20EAB6465ACA}.Release|iPhone.ActiveCfg = Release|Any CPU
		{6DD2E9C3-9C86-4CC8-B7C4-20EAB6465ACA}.Release|iPhone.Build.0 = Release|Any CPU
		{6DD2E9C3-9C86-4CC8-B7C4-20EAB6465ACA}.Release|iPhone.Deploy.0 = Release|Any CPU
		{6DD2E9C3-9C86-4CC8-B7C4-20EAB6465ACA}.Release|iPhoneSimulator.ActiveCfg = Release|Any CPU
		{6DD2E9C3-9C86-4CC8-B7C4-20EAB6465ACA}.Release|iPhoneSimulator.Build.0 = Release|Any CPU
		{6DD2E9C3-9C86-4CC8-B7C4-20EAB6465ACA}.Release|iPhoneSimulator.Deploy.0 = Release|Any CPU
		{6DD2E9C3-9C86-4CC8-B7C4-20EAB6465ACA}.Release|x64.ActiveCfg = Release|Any CPU
		{6DD2E9C3-9C86-4CC8-B7C4-20EAB6465ACA}.Release|x64.Build.0 = Release|Any CPU
		{6DD2E9C3-9C86-4CC8-B7C4-20EAB6465ACA}.Release|x64.Deploy.0 = Release|Any CPU
		{6DD2E9C3-9C86-4CC8-B7C4-20EAB6465ACA}.Release|x86.ActiveCfg = Release|Any CPU
		{6DD2E9C3-9C86-4CC8-B7C4-20EAB6465ACA}.Release|x86.Build.0 = Release|Any CPU
		{6DD2E9C3-9C86-4CC8-B7C4-20EAB6465ACA}.Release|x86.Deploy.0 = Release|Any CPU
	EndGlobalSection
	GlobalSection(SolutionProperties) = preSolution
		HideSolutionNode = FALSE
	EndGlobalSection
	GlobalSection(ExtensibilityGlobals) = postSolution
		SolutionGuid = {8CCAF087-37EF-42D7-991D-DD3D019588BB}
	EndGlobalSection
EndGlobal
